// !$*UTF8*$!
{
	archiveVersion = 1;
	classes = {
	};
	objectVersion = 46;
	objects = {

/* Begin PBXBuildFile section */
		00E356F31AD99517003FC87E /* MyAppTests.m in Sources */ = {isa = PBXBuildFile; fileRef = 00E356F21AD99517003FC87E /* MyAppTests.m */; };
		13B07FBC1A68108700A75B9A /* AppDelegate.m in Sources */ = {isa = PBXBuildFile; fileRef = 13B07FB01A68108700A75B9A /* AppDelegate.m */; };
		13B07FBD1A68108700A75B9A /* LaunchScreen.xib in Resources */ = {isa = PBXBuildFile; fileRef = 13B07FB11A68108700A75B9A /* LaunchScreen.xib */; };
		13B07FBF1A68108700A75B9A /* Images.xcassets in Resources */ = {isa = PBXBuildFile; fileRef = 13B07FB51A68108700A75B9A /* Images.xcassets */; };
		13B07FC11A68108700A75B9A /* main.m in Sources */ = {isa = PBXBuildFile; fileRef = 13B07FB71A68108700A75B9A /* main.m */; };
		2D02E4BC1E0B4A80006451C7 /* AppDelegate.m in Sources */ = {isa = PBXBuildFile; fileRef = 13B07FB01A68108700A75B9A /* AppDelegate.m */; };
		2D02E4BD1E0B4A84006451C7 /* Images.xcassets in Resources */ = {isa = PBXBuildFile; fileRef = 13B07FB51A68108700A75B9A /* Images.xcassets */; };
		2D02E4BF1E0B4AB3006451C7 /* main.m in Sources */ = {isa = PBXBuildFile; fileRef = 13B07FB71A68108700A75B9A /* main.m */; };
		2DCD954D1E0B4F2C00145EB5 /* MyAppTests.m in Sources */ = {isa = PBXBuildFile; fileRef = 00E356F21AD99517003FC87E /* MyAppTests.m */; };
		E07243AF0A23472780FE0F53 /* AntDesign.ttf in Resources */ = {isa = PBXBuildFile; fileRef = 8B2FF2403EEB486C920B4853 /* AntDesign.ttf */; };
		994836AE8D52498AAD2C4BD7 /* Entypo.ttf in Resources */ = {isa = PBXBuildFile; fileRef = 0B918099E3E441729390B93D /* Entypo.ttf */; };
		76A02F6A537749BB904ED502 /* EvilIcons.ttf in Resources */ = {isa = PBXBuildFile; fileRef = 45AF4161C6AD495D81CD4C1A /* EvilIcons.ttf */; };
		0C8C861D75424FF6B1A7E79B /* Feather.ttf in Resources */ = {isa = PBXBuildFile; fileRef = 862AB2777174471AB7700573 /* Feather.ttf */; };
		766E01E0C7A94A89A5DEC241 /* FontAwesome.ttf in Resources */ = {isa = PBXBuildFile; fileRef = C591B23001674553BD73B123 /* FontAwesome.ttf */; };
		CF7FDAB71BF0423392BB415D /* FontAwesome5_Brands.ttf in Resources */ = {isa = PBXBuildFile; fileRef = 46CA797F71634F189CD204A3 /* FontAwesome5_Brands.ttf */; };
		A58B1CE5504F478786C955FA /* FontAwesome5_Regular.ttf in Resources */ = {isa = PBXBuildFile; fileRef = CDCAE942C1A14640918B89A3 /* FontAwesome5_Regular.ttf */; };
		7915EBAB35CD412292B5258C /* FontAwesome5_Solid.ttf in Resources */ = {isa = PBXBuildFile; fileRef = 12F6F929A281428383AE7D7F /* FontAwesome5_Solid.ttf */; };
		DB1CCE5DECA7453381BAD4F2 /* Fontisto.ttf in Resources */ = {isa = PBXBuildFile; fileRef = 0A9D9772EAD9483BA81652E6 /* Fontisto.ttf */; };
		7684FCEC71E84B14BE6F87C2 /* Foundation.ttf in Resources */ = {isa = PBXBuildFile; fileRef = CAC61E7C23BE4C31BDB6AA1D /* Foundation.ttf */; };
		1E75D479CA5740709294BA68 /* Ionicons.ttf in Resources */ = {isa = PBXBuildFile; fileRef = 8829779AF53C4268A5944EE2 /* Ionicons.ttf */; };
		7A0250F534D94CE79A24759E /* MaterialCommunityIcons.ttf in Resources */ = {isa = PBXBuildFile; fileRef = 84A9A003D1ED4267BBAEEC52 /* MaterialCommunityIcons.ttf */; };
		26A6EAC012A04ED599CC58D4 /* MaterialIcons.ttf in Resources */ = {isa = PBXBuildFile; fileRef = 21BBCCF6099C4C8B96E87898 /* MaterialIcons.ttf */; };
		5462D0643C80479EBCFF477B /* Octicons.ttf in Resources */ = {isa = PBXBuildFile; fileRef = F803994164794ABE994FF602 /* Octicons.ttf */; };
		4A21E0BBD4A64C98ACBD2A33 /* SimpleLineIcons.ttf in Resources */ = {isa = PBXBuildFile; fileRef = 4D0F7B789D2D4A989ECD32A8 /* SimpleLineIcons.ttf */; };
		BD3CD625C3FB48DF892A5F69 /* Zocial.ttf in Resources */ = {isa = PBXBuildFile; fileRef = DA7F2D1748474F2589C18398 /* Zocial.ttf */; };
		F37FCCE2D4B941999BAABE0C /* Gotham Black Regular.ttf in Resources */ = {isa = PBXBuildFile; fileRef = 77963FE3C48F4D6EB6016DE3 /* Gotham Black Regular.ttf */; };
		CD809683606A4BEC923E8A07 /* AntDesign.ttf in Resources */ = {isa = PBXBuildFile; fileRef = C96E39766B1641A9843B5502 /* AntDesign.ttf */; };
		6B8B2B24959B42B7994FCFC8 /* Entypo.ttf in Resources */ = {isa = PBXBuildFile; fileRef = 0CE50BC6B19A477089DE55BF /* Entypo.ttf */; };
		6BF5BD46D79D40E19F2E67C6 /* EvilIcons.ttf in Resources */ = {isa = PBXBuildFile; fileRef = BD41C4ACF4254773A50110AE /* EvilIcons.ttf */; };
		9040D8BE1F4341E2917A8F0E /* Feather.ttf in Resources */ = {isa = PBXBuildFile; fileRef = E1892E34922D4BBCBA0BB91C /* Feather.ttf */; };
		DFDA8284144A408C910E63E3 /* FontAwesome.ttf in Resources */ = {isa = PBXBuildFile; fileRef = AA509A7DEC9C42329D7680FE /* FontAwesome.ttf */; };
		07FF90E5DD4B45448E0DDD4C /* FontAwesome5_Brands.ttf in Resources */ = {isa = PBXBuildFile; fileRef = FA8795CE7F404EF781F7E8D3 /* FontAwesome5_Brands.ttf */; };
		5602EC0E7BB04FABAEA2E5DD /* FontAwesome5_Regular.ttf in Resources */ = {isa = PBXBuildFile; fileRef = C0D4621870BD4D0091188A9B /* FontAwesome5_Regular.ttf */; };
		212A11137B824EE7BC293C88 /* FontAwesome5_Solid.ttf in Resources */ = {isa = PBXBuildFile; fileRef = 9F972063BEE84DAF94D52562 /* FontAwesome5_Solid.ttf */; };
		FE1C9783A5AF4701BE0AB1FD /* Fontisto.ttf in Resources */ = {isa = PBXBuildFile; fileRef = 228F252FBC694C3990361462 /* Fontisto.ttf */; };
		F32E451DBBF84034AA496A41 /* Foundation.ttf in Resources */ = {isa = PBXBuildFile; fileRef = D0E55B39814A4015970BD700 /* Foundation.ttf */; };
		553977402140421892FE9E9C /* Ionicons.ttf in Resources */ = {isa = PBXBuildFile; fileRef = 66EAA4BD58A34E3DA14F2A39 /* Ionicons.ttf */; };
		D303FBA22EB14D4DB5EA4BF6 /* MaterialCommunityIcons.ttf in Resources */ = {isa = PBXBuildFile; fileRef = EF95835A96C94847ABE18082 /* MaterialCommunityIcons.ttf */; };
		626A27CA4821433DBDFBD5BE /* MaterialIcons.ttf in Resources */ = {isa = PBXBuildFile; fileRef = 0CC58F495A7D44BE8B457D1D /* MaterialIcons.ttf */; };
		EE0E471EB04F4547B10CE87C /* Octicons.ttf in Resources */ = {isa = PBXBuildFile; fileRef = F31676BA55A349B7BFA0A9EB /* Octicons.ttf */; };
		E9D31622B44D43B790CCB612 /* Roboto_medium.ttf in Resources */ = {isa = PBXBuildFile; fileRef = 096271C982434B53ABE3BEC7 /* Roboto_medium.ttf */; };
		F92D54947AF44412A2370A0B /* Roboto.ttf in Resources */ = {isa = PBXBuildFile; fileRef = 3053EF72C6394198B011D387 /* Roboto.ttf */; };
		957FCDA61DCB4AEE8991BCB0 /* rubicon-icon-font.ttf in Resources */ = {isa = PBXBuildFile; fileRef = 33D4D66AF8E74E77A21E3A6D /* rubicon-icon-font.ttf */; };
		B7EB821487DF4D92A30C6083 /* SimpleLineIcons.ttf in Resources */ = {isa = PBXBuildFile; fileRef = 678920173A6645F8B242EF2F /* SimpleLineIcons.ttf */; };
		440183686A314ABB88DC83CB /* Zocial.ttf in Resources */ = {isa = PBXBuildFile; fileRef = 18FB1FC17A52479B9D26CD0E /* Zocial.ttf */; };
		DFC2E64AE93D483AA7F165B2 /* AvenirNextLTPro-Bold.otf in Resources */ = {isa = PBXBuildFile; fileRef = 84F752F2554A4FF590C7971B /* AvenirNextLTPro-Bold.otf */; };
		FB77F3B3AB3C49F8BE4C68CA /* AvenirNextLTPro-It.otf in Resources */ = {isa = PBXBuildFile; fileRef = 73080129DB16485E97F81CD3 /* AvenirNextLTPro-It.otf */; };
		6EBF9C08BB434321A05B631E /* AvenirNextLTPro-Regular.otf in Resources */ = {isa = PBXBuildFile; fileRef = DE2F859142244DAB81119C47 /* AvenirNextLTPro-Regular.otf */; };
		B9C07113E6BA485392A9D43E /* AvenirNextFont.ttf in Resources */ = {isa = PBXBuildFile; fileRef = 3C92564A20E74A8A8465460C /* AvenirNextFont.ttf */; };
		987E118B8C2643618D655ADB /* GothamBold.ttf in Resources */ = {isa = PBXBuildFile; fileRef = 4941D00A147B44F3830D513A /* GothamBold.ttf */; };
		BB979C1667BD4DE28C594A55 /* GothamBoldItalic.ttf in Resources */ = {isa = PBXBuildFile; fileRef = CFA63FF6A3C449FCAF31DBE1 /* GothamBoldItalic.ttf */; };
		21C62F1588614CCAA2657941 /* GothamBook.ttf in Resources */ = {isa = PBXBuildFile; fileRef = 5954727ED7144CF4960E6DA7 /* GothamBook.ttf */; };
		1D08AED3B22D4FB28257D03D /* GothamBookItalic.ttf in Resources */ = {isa = PBXBuildFile; fileRef = F16D34D1084C44F394EF674B /* GothamBookItalic.ttf */; };
		08CBD1EF0CB34756B9773BFC /* GothamLightItalic.ttf in Resources */ = {isa = PBXBuildFile; fileRef = F49C19BEA9304E0EABA4166C /* GothamLightItalic.ttf */; };
		2ED90BEA937247F1815AF624 /* GothamMedium_1.ttf in Resources */ = {isa = PBXBuildFile; fileRef = F42B5503C93D482EA3ADF825 /* GothamMedium_1.ttf */; };
		A142B771B4BD4A248A2635D4 /* GothamMedium.ttf in Resources */ = {isa = PBXBuildFile; fileRef = 1F376160684D43ABA885F146 /* GothamMedium.ttf */; };
		9F6E32D33A7D489D863A9F8A /* GothamMediumItalic.ttf in Resources */ = {isa = PBXBuildFile; fileRef = 726382C38EBB4375A92E4477 /* GothamMediumItalic.ttf */; };
/* End PBXBuildFile section */

/* Begin PBXContainerItemProxy section */
		00E356F41AD99517003FC87E /* PBXContainerItemProxy */ = {
			isa = PBXContainerItemProxy;
			containerPortal = 83CBB9F71A601CBA00E9B192 /* Project object */;
			proxyType = 1;
			remoteGlobalIDString = 13B07F861A680F5B00A75B9A;
			remoteInfo = MyApp;
		};
		2D02E4911E0B4A5D006451C7 /* PBXContainerItemProxy */ = {
			isa = PBXContainerItemProxy;
			containerPortal = 83CBB9F71A601CBA00E9B192 /* Project object */;
			proxyType = 1;
			remoteGlobalIDString = 2D02E47A1E0B4A5D006451C7;
			remoteInfo = "MyApp-tvOS";
		};
/* End PBXContainerItemProxy section */

/* Begin PBXFileReference section */
		008F07F21AC5B25A0029DE68 /* main.jsbundle */ = {isa = PBXFileReference; fileEncoding = 4; lastKnownFileType = text; path = main.jsbundle; sourceTree = "<group>"; };
		00E356EE1AD99517003FC87E /* MyAppTests.xctest */ = {isa = PBXFileReference; explicitFileType = wrapper.cfbundle; includeInIndex = 0; path = MyAppTests.xctest; sourceTree = BUILT_PRODUCTS_DIR; };
		00E356F11AD99517003FC87E /* Info.plist */ = {isa = PBXFileReference; lastKnownFileType = text.plist.xml; path = Info.plist; sourceTree = "<group>"; };
		00E356F21AD99517003FC87E /* MyAppTests.m */ = {isa = PBXFileReference; lastKnownFileType = sourcecode.c.objc; path = MyAppTests.m; sourceTree = "<group>"; };
		13B07F961A680F5B00A75B9A /* MyApp.app */ = {isa = PBXFileReference; explicitFileType = wrapper.application; includeInIndex = 0; path = MyApp.app; sourceTree = BUILT_PRODUCTS_DIR; };
		13B07FAF1A68108700A75B9A /* AppDelegate.h */ = {isa = PBXFileReference; fileEncoding = 4; lastKnownFileType = sourcecode.c.h; name = AppDelegate.h; path = MyApp/AppDelegate.h; sourceTree = "<group>"; };
		13B07FB01A68108700A75B9A /* AppDelegate.m */ = {isa = PBXFileReference; fileEncoding = 4; lastKnownFileType = sourcecode.c.objc; name = AppDelegate.m; path = MyApp/AppDelegate.m; sourceTree = "<group>"; };
		13B07FB21A68108700A75B9A /* Base */ = {isa = PBXFileReference; lastKnownFileType = file.xib; name = Base; path = Base.lproj/LaunchScreen.xib; sourceTree = "<group>"; };
		13B07FB51A68108700A75B9A /* Images.xcassets */ = {isa = PBXFileReference; lastKnownFileType = folder.assetcatalog; name = Images.xcassets; path = MyApp/Images.xcassets; sourceTree = "<group>"; };
		13B07FB61A68108700A75B9A /* Info.plist */ = {isa = PBXFileReference; fileEncoding = 4; lastKnownFileType = text.plist.xml; name = Info.plist; path = MyApp/Info.plist; sourceTree = "<group>"; };
		13B07FB71A68108700A75B9A /* main.m */ = {isa = PBXFileReference; fileEncoding = 4; lastKnownFileType = sourcecode.c.objc; name = main.m; path = MyApp/main.m; sourceTree = "<group>"; };
		2D02E47B1E0B4A5D006451C7 /* MyApp-tvOS.app */ = {isa = PBXFileReference; explicitFileType = wrapper.application; includeInIndex = 0; path = "MyApp-tvOS.app"; sourceTree = BUILT_PRODUCTS_DIR; };
		2D02E4901E0B4A5D006451C7 /* MyApp-tvOSTests.xctest */ = {isa = PBXFileReference; explicitFileType = wrapper.cfbundle; includeInIndex = 0; path = "MyApp-tvOSTests.xctest"; sourceTree = BUILT_PRODUCTS_DIR; };
		ED297162215061F000B7C4FE /* JavaScriptCore.framework */ = {isa = PBXFileReference; lastKnownFileType = wrapper.framework; name = JavaScriptCore.framework; path = System/Library/Frameworks/JavaScriptCore.framework; sourceTree = SDKROOT; };
		ED2971642150620600B7C4FE /* JavaScriptCore.framework */ = {isa = PBXFileReference; lastKnownFileType = wrapper.framework; name = JavaScriptCore.framework; path = Platforms/AppleTVOS.platform/Developer/SDKs/AppleTVOS12.0.sdk/System/Library/Frameworks/JavaScriptCore.framework; sourceTree = DEVELOPER_DIR; };
		8B2FF2403EEB486C920B4853 /* AntDesign.ttf */ = {isa = PBXFileReference; name = "AntDesign.ttf"; path = "../node_modules/react-native-vector-icons/Fonts/AntDesign.ttf"; sourceTree = "<group>"; fileEncoding = undefined; lastKnownFileType = unknown; explicitFileType = undefined; includeInIndex = 0; };
		0B918099E3E441729390B93D /* Entypo.ttf */ = {isa = PBXFileReference; name = "Entypo.ttf"; path = "../node_modules/react-native-vector-icons/Fonts/Entypo.ttf"; sourceTree = "<group>"; fileEncoding = undefined; lastKnownFileType = unknown; explicitFileType = undefined; includeInIndex = 0; };
		45AF4161C6AD495D81CD4C1A /* EvilIcons.ttf */ = {isa = PBXFileReference; name = "EvilIcons.ttf"; path = "../node_modules/react-native-vector-icons/Fonts/EvilIcons.ttf"; sourceTree = "<group>"; fileEncoding = undefined; lastKnownFileType = unknown; explicitFileType = undefined; includeInIndex = 0; };
		862AB2777174471AB7700573 /* Feather.ttf */ = {isa = PBXFileReference; name = "Feather.ttf"; path = "../node_modules/react-native-vector-icons/Fonts/Feather.ttf"; sourceTree = "<group>"; fileEncoding = undefined; lastKnownFileType = unknown; explicitFileType = undefined; includeInIndex = 0; };
		C591B23001674553BD73B123 /* FontAwesome.ttf */ = {isa = PBXFileReference; name = "FontAwesome.ttf"; path = "../node_modules/react-native-vector-icons/Fonts/FontAwesome.ttf"; sourceTree = "<group>"; fileEncoding = undefined; lastKnownFileType = unknown; explicitFileType = undefined; includeInIndex = 0; };
		46CA797F71634F189CD204A3 /* FontAwesome5_Brands.ttf */ = {isa = PBXFileReference; name = "FontAwesome5_Brands.ttf"; path = "../node_modules/react-native-vector-icons/Fonts/FontAwesome5_Brands.ttf"; sourceTree = "<group>"; fileEncoding = undefined; lastKnownFileType = unknown; explicitFileType = undefined; includeInIndex = 0; };
		CDCAE942C1A14640918B89A3 /* FontAwesome5_Regular.ttf */ = {isa = PBXFileReference; name = "FontAwesome5_Regular.ttf"; path = "../node_modules/react-native-vector-icons/Fonts/FontAwesome5_Regular.ttf"; sourceTree = "<group>"; fileEncoding = undefined; lastKnownFileType = unknown; explicitFileType = undefined; includeInIndex = 0; };
		12F6F929A281428383AE7D7F /* FontAwesome5_Solid.ttf */ = {isa = PBXFileReference; name = "FontAwesome5_Solid.ttf"; path = "../node_modules/react-native-vector-icons/Fonts/FontAwesome5_Solid.ttf"; sourceTree = "<group>"; fileEncoding = undefined; lastKnownFileType = unknown; explicitFileType = undefined; includeInIndex = 0; };
		0A9D9772EAD9483BA81652E6 /* Fontisto.ttf */ = {isa = PBXFileReference; name = "Fontisto.ttf"; path = "../node_modules/react-native-vector-icons/Fonts/Fontisto.ttf"; sourceTree = "<group>"; fileEncoding = undefined; lastKnownFileType = unknown; explicitFileType = undefined; includeInIndex = 0; };
		CAC61E7C23BE4C31BDB6AA1D /* Foundation.ttf */ = {isa = PBXFileReference; name = "Foundation.ttf"; path = "../node_modules/react-native-vector-icons/Fonts/Foundation.ttf"; sourceTree = "<group>"; fileEncoding = undefined; lastKnownFileType = unknown; explicitFileType = undefined; includeInIndex = 0; };
		8829779AF53C4268A5944EE2 /* Ionicons.ttf */ = {isa = PBXFileReference; name = "Ionicons.ttf"; path = "../node_modules/react-native-vector-icons/Fonts/Ionicons.ttf"; sourceTree = "<group>"; fileEncoding = undefined; lastKnownFileType = unknown; explicitFileType = undefined; includeInIndex = 0; };
		84A9A003D1ED4267BBAEEC52 /* MaterialCommunityIcons.ttf */ = {isa = PBXFileReference; name = "MaterialCommunityIcons.ttf"; path = "../node_modules/react-native-vector-icons/Fonts/MaterialCommunityIcons.ttf"; sourceTree = "<group>"; fileEncoding = undefined; lastKnownFileType = unknown; explicitFileType = undefined; includeInIndex = 0; };
		21BBCCF6099C4C8B96E87898 /* MaterialIcons.ttf */ = {isa = PBXFileReference; name = "MaterialIcons.ttf"; path = "../node_modules/react-native-vector-icons/Fonts/MaterialIcons.ttf"; sourceTree = "<group>"; fileEncoding = undefined; lastKnownFileType = unknown; explicitFileType = undefined; includeInIndex = 0; };
		F803994164794ABE994FF602 /* Octicons.ttf */ = {isa = PBXFileReference; name = "Octicons.ttf"; path = "../node_modules/react-native-vector-icons/Fonts/Octicons.ttf"; sourceTree = "<group>"; fileEncoding = undefined; lastKnownFileType = unknown; explicitFileType = undefined; includeInIndex = 0; };
		4D0F7B789D2D4A989ECD32A8 /* SimpleLineIcons.ttf */ = {isa = PBXFileReference; name = "SimpleLineIcons.ttf"; path = "../node_modules/react-native-vector-icons/Fonts/SimpleLineIcons.ttf"; sourceTree = "<group>"; fileEncoding = undefined; lastKnownFileType = unknown; explicitFileType = undefined; includeInIndex = 0; };
		DA7F2D1748474F2589C18398 /* Zocial.ttf */ = {isa = PBXFileReference; name = "Zocial.ttf"; path = "../node_modules/react-native-vector-icons/Fonts/Zocial.ttf"; sourceTree = "<group>"; fileEncoding = undefined; lastKnownFileType = unknown; explicitFileType = undefined; includeInIndex = 0; };
		77963FE3C48F4D6EB6016DE3 /* Gotham Black Regular.ttf */ = {isa = PBXFileReference; name = "Gotham Black Regular.ttf"; path = "../assets/fonts/Gotham Black Regular.ttf"; sourceTree = "<group>"; fileEncoding = undefined; lastKnownFileType = unknown; explicitFileType = undefined; includeInIndex = 0; };
		C96E39766B1641A9843B5502 /* AntDesign.ttf */ = {isa = PBXFileReference; name = "AntDesign.ttf"; path = "../node_modules/native-base/Fonts/AntDesign.ttf"; sourceTree = "<group>"; fileEncoding = undefined; lastKnownFileType = unknown; explicitFileType = undefined; includeInIndex = 0; };
		0CE50BC6B19A477089DE55BF /* Entypo.ttf */ = {isa = PBXFileReference; name = "Entypo.ttf"; path = "../node_modules/native-base/Fonts/Entypo.ttf"; sourceTree = "<group>"; fileEncoding = undefined; lastKnownFileType = unknown; explicitFileType = undefined; includeInIndex = 0; };
		BD41C4ACF4254773A50110AE /* EvilIcons.ttf */ = {isa = PBXFileReference; name = "EvilIcons.ttf"; path = "../node_modules/native-base/Fonts/EvilIcons.ttf"; sourceTree = "<group>"; fileEncoding = undefined; lastKnownFileType = unknown; explicitFileType = undefined; includeInIndex = 0; };
		E1892E34922D4BBCBA0BB91C /* Feather.ttf */ = {isa = PBXFileReference; name = "Feather.ttf"; path = "../node_modules/native-base/Fonts/Feather.ttf"; sourceTree = "<group>"; fileEncoding = undefined; lastKnownFileType = unknown; explicitFileType = undefined; includeInIndex = 0; };
		AA509A7DEC9C42329D7680FE /* FontAwesome.ttf */ = {isa = PBXFileReference; name = "FontAwesome.ttf"; path = "../node_modules/native-base/Fonts/FontAwesome.ttf"; sourceTree = "<group>"; fileEncoding = undefined; lastKnownFileType = unknown; explicitFileType = undefined; includeInIndex = 0; };
		FA8795CE7F404EF781F7E8D3 /* FontAwesome5_Brands.ttf */ = {isa = PBXFileReference; name = "FontAwesome5_Brands.ttf"; path = "../node_modules/native-base/Fonts/FontAwesome5_Brands.ttf"; sourceTree = "<group>"; fileEncoding = undefined; lastKnownFileType = unknown; explicitFileType = undefined; includeInIndex = 0; };
		C0D4621870BD4D0091188A9B /* FontAwesome5_Regular.ttf */ = {isa = PBXFileReference; name = "FontAwesome5_Regular.ttf"; path = "../node_modules/native-base/Fonts/FontAwesome5_Regular.ttf"; sourceTree = "<group>"; fileEncoding = undefined; lastKnownFileType = unknown; explicitFileType = undefined; includeInIndex = 0; };
		9F972063BEE84DAF94D52562 /* FontAwesome5_Solid.ttf */ = {isa = PBXFileReference; name = "FontAwesome5_Solid.ttf"; path = "../node_modules/native-base/Fonts/FontAwesome5_Solid.ttf"; sourceTree = "<group>"; fileEncoding = undefined; lastKnownFileType = unknown; explicitFileType = undefined; includeInIndex = 0; };
		228F252FBC694C3990361462 /* Fontisto.ttf */ = {isa = PBXFileReference; name = "Fontisto.ttf"; path = "../node_modules/native-base/Fonts/Fontisto.ttf"; sourceTree = "<group>"; fileEncoding = undefined; lastKnownFileType = unknown; explicitFileType = undefined; includeInIndex = 0; };
		D0E55B39814A4015970BD700 /* Foundation.ttf */ = {isa = PBXFileReference; name = "Foundation.ttf"; path = "../node_modules/native-base/Fonts/Foundation.ttf"; sourceTree = "<group>"; fileEncoding = undefined; lastKnownFileType = unknown; explicitFileType = undefined; includeInIndex = 0; };
		66EAA4BD58A34E3DA14F2A39 /* Ionicons.ttf */ = {isa = PBXFileReference; name = "Ionicons.ttf"; path = "../node_modules/native-base/Fonts/Ionicons.ttf"; sourceTree = "<group>"; fileEncoding = undefined; lastKnownFileType = unknown; explicitFileType = undefined; includeInIndex = 0; };
		EF95835A96C94847ABE18082 /* MaterialCommunityIcons.ttf */ = {isa = PBXFileReference; name = "MaterialCommunityIcons.ttf"; path = "../node_modules/native-base/Fonts/MaterialCommunityIcons.ttf"; sourceTree = "<group>"; fileEncoding = undefined; lastKnownFileType = unknown; explicitFileType = undefined; includeInIndex = 0; };
		0CC58F495A7D44BE8B457D1D /* MaterialIcons.ttf */ = {isa = PBXFileReference; name = "MaterialIcons.ttf"; path = "../node_modules/native-base/Fonts/MaterialIcons.ttf"; sourceTree = "<group>"; fileEncoding = undefined; lastKnownFileType = unknown; explicitFileType = undefined; includeInIndex = 0; };
		F31676BA55A349B7BFA0A9EB /* Octicons.ttf */ = {isa = PBXFileReference; name = "Octicons.ttf"; path = "../node_modules/native-base/Fonts/Octicons.ttf"; sourceTree = "<group>"; fileEncoding = undefined; lastKnownFileType = unknown; explicitFileType = undefined; includeInIndex = 0; };
		096271C982434B53ABE3BEC7 /* Roboto_medium.ttf */ = {isa = PBXFileReference; name = "Roboto_medium.ttf"; path = "../node_modules/native-base/Fonts/Roboto_medium.ttf"; sourceTree = "<group>"; fileEncoding = undefined; lastKnownFileType = unknown; explicitFileType = undefined; includeInIndex = 0; };
		3053EF72C6394198B011D387 /* Roboto.ttf */ = {isa = PBXFileReference; name = "Roboto.ttf"; path = "../node_modules/native-base/Fonts/Roboto.ttf"; sourceTree = "<group>"; fileEncoding = undefined; lastKnownFileType = unknown; explicitFileType = undefined; includeInIndex = 0; };
		33D4D66AF8E74E77A21E3A6D /* rubicon-icon-font.ttf */ = {isa = PBXFileReference; name = "rubicon-icon-font.ttf"; path = "../node_modules/native-base/Fonts/rubicon-icon-font.ttf"; sourceTree = "<group>"; fileEncoding = undefined; lastKnownFileType = unknown; explicitFileType = undefined; includeInIndex = 0; };
		678920173A6645F8B242EF2F /* SimpleLineIcons.ttf */ = {isa = PBXFileReference; name = "SimpleLineIcons.ttf"; path = "../node_modules/native-base/Fonts/SimpleLineIcons.ttf"; sourceTree = "<group>"; fileEncoding = undefined; lastKnownFileType = unknown; explicitFileType = undefined; includeInIndex = 0; };
		18FB1FC17A52479B9D26CD0E /* Zocial.ttf */ = {isa = PBXFileReference; name = "Zocial.ttf"; path = "../node_modules/native-base/Fonts/Zocial.ttf"; sourceTree = "<group>"; fileEncoding = undefined; lastKnownFileType = unknown; explicitFileType = undefined; includeInIndex = 0; };
		84F752F2554A4FF590C7971B /* AvenirNextLTPro-Bold.otf */ = {isa = PBXFileReference; name = "AvenirNextLTPro-Bold.otf"; path = "../assets/fonts/AvenirNextLTPro-Bold.otf"; sourceTree = "<group>"; fileEncoding = undefined; lastKnownFileType = unknown; explicitFileType = undefined; includeInIndex = 0; };
		73080129DB16485E97F81CD3 /* AvenirNextLTPro-It.otf */ = {isa = PBXFileReference; name = "AvenirNextLTPro-It.otf"; path = "../assets/fonts/AvenirNextLTPro-It.otf"; sourceTree = "<group>"; fileEncoding = undefined; lastKnownFileType = unknown; explicitFileType = undefined; includeInIndex = 0; };
		DE2F859142244DAB81119C47 /* AvenirNextLTPro-Regular.otf */ = {isa = PBXFileReference; name = "AvenirNextLTPro-Regular.otf"; path = "../assets/fonts/AvenirNextLTPro-Regular.otf"; sourceTree = "<group>"; fileEncoding = undefined; lastKnownFileType = unknown; explicitFileType = undefined; includeInIndex = 0; };
		3C92564A20E74A8A8465460C /* AvenirNextFont.ttf */ = {isa = PBXFileReference; name = "AvenirNextFont.ttf"; path = "../assets/fonts/AvenirNextFont.ttf"; sourceTree = "<group>"; fileEncoding = undefined; lastKnownFileType = unknown; explicitFileType = undefined; includeInIndex = 0; };
		4941D00A147B44F3830D513A /* GothamBold.ttf */ = {isa = PBXFileReference; name = "GothamBold.ttf"; path = "../assets/fonts/GothamBold.ttf"; sourceTree = "<group>"; fileEncoding = undefined; lastKnownFileType = unknown; explicitFileType = undefined; includeInIndex = 0; };
		CFA63FF6A3C449FCAF31DBE1 /* GothamBoldItalic.ttf */ = {isa = PBXFileReference; name = "GothamBoldItalic.ttf"; path = "../assets/fonts/GothamBoldItalic.ttf"; sourceTree = "<group>"; fileEncoding = undefined; lastKnownFileType = unknown; explicitFileType = undefined; includeInIndex = 0; };
		5954727ED7144CF4960E6DA7 /* GothamBook.ttf */ = {isa = PBXFileReference; name = "GothamBook.ttf"; path = "../assets/fonts/GothamBook.ttf"; sourceTree = "<group>"; fileEncoding = undefined; lastKnownFileType = unknown; explicitFileType = undefined; includeInIndex = 0; };
		F16D34D1084C44F394EF674B /* GothamBookItalic.ttf */ = {isa = PBXFileReference; name = "GothamBookItalic.ttf"; path = "../assets/fonts/GothamBookItalic.ttf"; sourceTree = "<group>"; fileEncoding = undefined; lastKnownFileType = unknown; explicitFileType = undefined; includeInIndex = 0; };
		F49C19BEA9304E0EABA4166C /* GothamLightItalic.ttf */ = {isa = PBXFileReference; name = "GothamLightItalic.ttf"; path = "../assets/fonts/GothamLightItalic.ttf"; sourceTree = "<group>"; fileEncoding = undefined; lastKnownFileType = unknown; explicitFileType = undefined; includeInIndex = 0; };
		F42B5503C93D482EA3ADF825 /* GothamMedium_1.ttf */ = {isa = PBXFileReference; name = "GothamMedium_1.ttf"; path = "../assets/fonts/GothamMedium_1.ttf"; sourceTree = "<group>"; fileEncoding = undefined; lastKnownFileType = unknown; explicitFileType = undefined; includeInIndex = 0; };
		1F376160684D43ABA885F146 /* GothamMedium.ttf */ = {isa = PBXFileReference; name = "GothamMedium.ttf"; path = "../assets/fonts/GothamMedium.ttf"; sourceTree = "<group>"; fileEncoding = undefined; lastKnownFileType = unknown; explicitFileType = undefined; includeInIndex = 0; };
		726382C38EBB4375A92E4477 /* GothamMediumItalic.ttf */ = {isa = PBXFileReference; name = "GothamMediumItalic.ttf"; path = "../assets/fonts/GothamMediumItalic.ttf"; sourceTree = "<group>"; fileEncoding = undefined; lastKnownFileType = unknown; explicitFileType = undefined; includeInIndex = 0; };
/* End PBXFileReference section */

/* Begin PBXFrameworksBuildPhase section */
		00E356EB1AD99517003FC87E /* Frameworks */ = {
			isa = PBXFrameworksBuildPhase;
			buildActionMask = 2147483647;
			files = (
			);
			runOnlyForDeploymentPostprocessing = 0;
		};
		13B07F8C1A680F5B00A75B9A /* Frameworks */ = {
			isa = PBXFrameworksBuildPhase;
			buildActionMask = 2147483647;
			files = (
			);
			runOnlyForDeploymentPostprocessing = 0;
		};
		2D02E4781E0B4A5D006451C7 /* Frameworks */ = {
			isa = PBXFrameworksBuildPhase;
			buildActionMask = 2147483647;
			files = (
			);
			runOnlyForDeploymentPostprocessing = 0;
		};
		2D02E48D1E0B4A5D006451C7 /* Frameworks */ = {
			isa = PBXFrameworksBuildPhase;
			buildActionMask = 2147483647;
			files = (
			);
			runOnlyForDeploymentPostprocessing = 0;
		};
/* End PBXFrameworksBuildPhase section */

/* Begin PBXGroup section */
		00E356EF1AD99517003FC87E /* MyAppTests */ = {
			isa = PBXGroup;
			children = (
				00E356F21AD99517003FC87E /* MyAppTests.m */,
				00E356F01AD99517003FC87E /* Supporting Files */,
			);
			path = MyAppTests;
			sourceTree = "<group>";
		};
		00E356F01AD99517003FC87E /* Supporting Files */ = {
			isa = PBXGroup;
			children = (
				00E356F11AD99517003FC87E /* Info.plist */,
			);
			name = "Supporting Files";
			sourceTree = "<group>";
		};
		13B07FAE1A68108700A75B9A /* MyApp */ = {
			isa = PBXGroup;
			children = (
				008F07F21AC5B25A0029DE68 /* main.jsbundle */,
				13B07FAF1A68108700A75B9A /* AppDelegate.h */,
				13B07FB01A68108700A75B9A /* AppDelegate.m */,
				13B07FB51A68108700A75B9A /* Images.xcassets */,
				13B07FB61A68108700A75B9A /* Info.plist */,
				13B07FB11A68108700A75B9A /* LaunchScreen.xib */,
				13B07FB71A68108700A75B9A /* main.m */,
			);
			name = MyApp;
			sourceTree = "<group>";
		};
		2D16E6871FA4F8E400B85C8A /* Frameworks */ = {
			isa = PBXGroup;
			children = (
				ED297162215061F000B7C4FE /* JavaScriptCore.framework */,
				ED2971642150620600B7C4FE /* JavaScriptCore.framework */,
			);
			name = Frameworks;
			sourceTree = "<group>";
		};
		832341AE1AAA6A7D00B99B32 /* Libraries */ = {
			isa = PBXGroup;
			children = (
			);
			name = Libraries;
			sourceTree = "<group>";
		};
		83CBB9F61A601CBA00E9B192 = {
			isa = PBXGroup;
			children = (
				13B07FAE1A68108700A75B9A /* MyApp */,
				832341AE1AAA6A7D00B99B32 /* Libraries */,
				00E356EF1AD99517003FC87E /* MyAppTests */,
				83CBBA001A601CBA00E9B192 /* Products */,
				2D16E6871FA4F8E400B85C8A /* Frameworks */,
				CCB22D44136B4F34984FB17D /* Resources */,
			);
			indentWidth = 2;
			sourceTree = "<group>";
			tabWidth = 2;
			usesTabs = 0;
		};
		83CBBA001A601CBA00E9B192 /* Products */ = {
			isa = PBXGroup;
			children = (
				13B07F961A680F5B00A75B9A /* MyApp.app */,
				00E356EE1AD99517003FC87E /* MyAppTests.xctest */,
				2D02E47B1E0B4A5D006451C7 /* MyApp-tvOS.app */,
				2D02E4901E0B4A5D006451C7 /* MyApp-tvOSTests.xctest */,
			);
			name = Products;
			sourceTree = "<group>";
		};
		CCB22D44136B4F34984FB17D /* Resources */ = {
			isa = "PBXGroup";
			children = (
				8B2FF2403EEB486C920B4853 /* AntDesign.ttf */,
				0B918099E3E441729390B93D /* Entypo.ttf */,
				45AF4161C6AD495D81CD4C1A /* EvilIcons.ttf */,
				862AB2777174471AB7700573 /* Feather.ttf */,
				C591B23001674553BD73B123 /* FontAwesome.ttf */,
				46CA797F71634F189CD204A3 /* FontAwesome5_Brands.ttf */,
				CDCAE942C1A14640918B89A3 /* FontAwesome5_Regular.ttf */,
				12F6F929A281428383AE7D7F /* FontAwesome5_Solid.ttf */,
				0A9D9772EAD9483BA81652E6 /* Fontisto.ttf */,
				CAC61E7C23BE4C31BDB6AA1D /* Foundation.ttf */,
				8829779AF53C4268A5944EE2 /* Ionicons.ttf */,
				84A9A003D1ED4267BBAEEC52 /* MaterialCommunityIcons.ttf */,
				21BBCCF6099C4C8B96E87898 /* MaterialIcons.ttf */,
				F803994164794ABE994FF602 /* Octicons.ttf */,
				4D0F7B789D2D4A989ECD32A8 /* SimpleLineIcons.ttf */,
				DA7F2D1748474F2589C18398 /* Zocial.ttf */,
				77963FE3C48F4D6EB6016DE3 /* Gotham Black Regular.ttf */,
				C96E39766B1641A9843B5502 /* AntDesign.ttf */,
				0CE50BC6B19A477089DE55BF /* Entypo.ttf */,
				BD41C4ACF4254773A50110AE /* EvilIcons.ttf */,
				E1892E34922D4BBCBA0BB91C /* Feather.ttf */,
				AA509A7DEC9C42329D7680FE /* FontAwesome.ttf */,
				FA8795CE7F404EF781F7E8D3 /* FontAwesome5_Brands.ttf */,
				C0D4621870BD4D0091188A9B /* FontAwesome5_Regular.ttf */,
				9F972063BEE84DAF94D52562 /* FontAwesome5_Solid.ttf */,
				228F252FBC694C3990361462 /* Fontisto.ttf */,
				D0E55B39814A4015970BD700 /* Foundation.ttf */,
				66EAA4BD58A34E3DA14F2A39 /* Ionicons.ttf */,
				EF95835A96C94847ABE18082 /* MaterialCommunityIcons.ttf */,
				0CC58F495A7D44BE8B457D1D /* MaterialIcons.ttf */,
				F31676BA55A349B7BFA0A9EB /* Octicons.ttf */,
				096271C982434B53ABE3BEC7 /* Roboto_medium.ttf */,
				3053EF72C6394198B011D387 /* Roboto.ttf */,
				33D4D66AF8E74E77A21E3A6D /* rubicon-icon-font.ttf */,
				678920173A6645F8B242EF2F /* SimpleLineIcons.ttf */,
				18FB1FC17A52479B9D26CD0E /* Zocial.ttf */,
				84F752F2554A4FF590C7971B /* AvenirNextLTPro-Bold.otf */,
				73080129DB16485E97F81CD3 /* AvenirNextLTPro-It.otf */,
				DE2F859142244DAB81119C47 /* AvenirNextLTPro-Regular.otf */,
				3C92564A20E74A8A8465460C /* AvenirNextFont.ttf */,
				4941D00A147B44F3830D513A /* GothamBold.ttf */,
				CFA63FF6A3C449FCAF31DBE1 /* GothamBoldItalic.ttf */,
				5954727ED7144CF4960E6DA7 /* GothamBook.ttf */,
				F16D34D1084C44F394EF674B /* GothamBookItalic.ttf */,
				F49C19BEA9304E0EABA4166C /* GothamLightItalic.ttf */,
				F42B5503C93D482EA3ADF825 /* GothamMedium_1.ttf */,
				1F376160684D43ABA885F146 /* GothamMedium.ttf */,
				726382C38EBB4375A92E4477 /* GothamMediumItalic.ttf */,
			);
			name = Resources;
			sourceTree = "<group>";
			path = "";
		};
/* End PBXGroup section */

/* Begin PBXNativeTarget section */
		00E356ED1AD99517003FC87E /* MyAppTests */ = {
			isa = PBXNativeTarget;
			buildConfigurationList = 00E357021AD99517003FC87E /* Build configuration list for PBXNativeTarget "MyAppTests" */;
			buildPhases = (
				00E356EA1AD99517003FC87E /* Sources */,
				00E356EB1AD99517003FC87E /* Frameworks */,
				00E356EC1AD99517003FC87E /* Resources */,
			);
			buildRules = (
			);
			dependencies = (
				00E356F51AD99517003FC87E /* PBXTargetDependency */,
			);
			name = MyAppTests;
			productName = MyAppTests;
			productReference = 00E356EE1AD99517003FC87E /* MyAppTests.xctest */;
			productType = "com.apple.product-type.bundle.unit-test";
		};
		13B07F861A680F5B00A75B9A /* MyApp */ = {
			isa = PBXNativeTarget;
			buildConfigurationList = 13B07F931A680F5B00A75B9A /* Build configuration list for PBXNativeTarget "MyApp" */;
			buildPhases = (
				FD10A7F022414F080027D42C /* Start Packager */,
				13B07F871A680F5B00A75B9A /* Sources */,
				13B07F8C1A680F5B00A75B9A /* Frameworks */,
				13B07F8E1A680F5B00A75B9A /* Resources */,
				00DD1BFF1BD5951E006B06BC /* Bundle React Native code and images */,
			);
			buildRules = (
			);
			dependencies = (
			);
			name = MyApp;
			productName = "MyApp";
			productReference = 13B07F961A680F5B00A75B9A /* MyApp.app */;
			productType = "com.apple.product-type.application";
		};
		2D02E47A1E0B4A5D006451C7 /* MyApp-tvOS */ = {
			isa = PBXNativeTarget;
			buildConfigurationList = 2D02E4BA1E0B4A5E006451C7 /* Build configuration list for PBXNativeTarget "MyApp-tvOS" */;
			buildPhases = (
				FD10A7F122414F3F0027D42C /* Start Packager */,
				2D02E4771E0B4A5D006451C7 /* Sources */,
				2D02E4781E0B4A5D006451C7 /* Frameworks */,
				2D02E4791E0B4A5D006451C7 /* Resources */,
				2D02E4CB1E0B4B27006451C7 /* Bundle React Native Code And Images */,
			);
			buildRules = (
			);
			dependencies = (
			);
			name = "MyApp-tvOS";
			productName = "MyApp-tvOS";
			productReference = 2D02E47B1E0B4A5D006451C7 /* MyApp-tvOS.app */;
			productType = "com.apple.product-type.application";
		};
		2D02E48F1E0B4A5D006451C7 /* MyApp-tvOSTests */ = {
			isa = PBXNativeTarget;
			buildConfigurationList = 2D02E4BB1E0B4A5E006451C7 /* Build configuration list for PBXNativeTarget "MyApp-tvOSTests" */;
			buildPhases = (
				2D02E48C1E0B4A5D006451C7 /* Sources */,
				2D02E48D1E0B4A5D006451C7 /* Frameworks */,
				2D02E48E1E0B4A5D006451C7 /* Resources */,
			);
			buildRules = (
			);
			dependencies = (
				2D02E4921E0B4A5D006451C7 /* PBXTargetDependency */,
			);
			name = "MyApp-tvOSTests";
			productName = "MyApp-tvOSTests";
			productReference = 2D02E4901E0B4A5D006451C7 /* MyApp-tvOSTests.xctest */;
			productType = "com.apple.product-type.bundle.unit-test";
		};
/* End PBXNativeTarget section */

/* Begin PBXProject section */
		83CBB9F71A601CBA00E9B192 /* Project object */ = {
			isa = PBXProject;
			attributes = {
				LastUpgradeCheck = 940;
				ORGANIZATIONNAME = Facebook;
				TargetAttributes = {
					00E356ED1AD99517003FC87E = {
						CreatedOnToolsVersion = 6.2;
						TestTargetID = 13B07F861A680F5B00A75B9A;
					};
					2D02E47A1E0B4A5D006451C7 = {
						CreatedOnToolsVersion = 8.2.1;
						ProvisioningStyle = Automatic;
					};
					2D02E48F1E0B4A5D006451C7 = {
						CreatedOnToolsVersion = 8.2.1;
						ProvisioningStyle = Automatic;
						TestTargetID = 2D02E47A1E0B4A5D006451C7;
					};
				};
			};
			buildConfigurationList = 83CBB9FA1A601CBA00E9B192 /* Build configuration list for PBXProject "MyApp" */;
			compatibilityVersion = "Xcode 3.2";
			developmentRegion = English;
			hasScannedForEncodings = 0;
			knownRegions = (
				en,
				Base,
			);
			mainGroup = 83CBB9F61A601CBA00E9B192;
			productRefGroup = 83CBBA001A601CBA00E9B192 /* Products */;
			projectDirPath = "";
			projectRoot = "";
			targets = (
				13B07F861A680F5B00A75B9A /* MyApp */,
				00E356ED1AD99517003FC87E /* MyAppTests */,
				2D02E47A1E0B4A5D006451C7 /* MyApp-tvOS */,
				2D02E48F1E0B4A5D006451C7 /* MyApp-tvOSTests */,
			);
		};
/* End PBXProject section */

/* Begin PBXResourcesBuildPhase section */
		00E356EC1AD99517003FC87E /* Resources */ = {
			isa = PBXResourcesBuildPhase;
			buildActionMask = 2147483647;
			files = (
			);
			runOnlyForDeploymentPostprocessing = 0;
		};
		13B07F8E1A680F5B00A75B9A /* Resources */ = {
			isa = PBXResourcesBuildPhase;
			buildActionMask = 2147483647;
			files = (
				13B07FBF1A68108700A75B9A /* Images.xcassets in Resources */,
				13B07FBD1A68108700A75B9A /* LaunchScreen.xib in Resources */,
				E07243AF0A23472780FE0F53 /* AntDesign.ttf in Resources */,
				994836AE8D52498AAD2C4BD7 /* Entypo.ttf in Resources */,
				76A02F6A537749BB904ED502 /* EvilIcons.ttf in Resources */,
				0C8C861D75424FF6B1A7E79B /* Feather.ttf in Resources */,
				766E01E0C7A94A89A5DEC241 /* FontAwesome.ttf in Resources */,
				CF7FDAB71BF0423392BB415D /* FontAwesome5_Brands.ttf in Resources */,
				A58B1CE5504F478786C955FA /* FontAwesome5_Regular.ttf in Resources */,
				7915EBAB35CD412292B5258C /* FontAwesome5_Solid.ttf in Resources */,
				DB1CCE5DECA7453381BAD4F2 /* Fontisto.ttf in Resources */,
				7684FCEC71E84B14BE6F87C2 /* Foundation.ttf in Resources */,
				1E75D479CA5740709294BA68 /* Ionicons.ttf in Resources */,
				7A0250F534D94CE79A24759E /* MaterialCommunityIcons.ttf in Resources */,
				26A6EAC012A04ED599CC58D4 /* MaterialIcons.ttf in Resources */,
				5462D0643C80479EBCFF477B /* Octicons.ttf in Resources */,
				4A21E0BBD4A64C98ACBD2A33 /* SimpleLineIcons.ttf in Resources */,
				BD3CD625C3FB48DF892A5F69 /* Zocial.ttf in Resources */,
				F37FCCE2D4B941999BAABE0C /* Gotham Black Regular.ttf in Resources */,
				CD809683606A4BEC923E8A07 /* AntDesign.ttf in Resources */,
				6B8B2B24959B42B7994FCFC8 /* Entypo.ttf in Resources */,
				6BF5BD46D79D40E19F2E67C6 /* EvilIcons.ttf in Resources */,
				9040D8BE1F4341E2917A8F0E /* Feather.ttf in Resources */,
				DFDA8284144A408C910E63E3 /* FontAwesome.ttf in Resources */,
				07FF90E5DD4B45448E0DDD4C /* FontAwesome5_Brands.ttf in Resources */,
				5602EC0E7BB04FABAEA2E5DD /* FontAwesome5_Regular.ttf in Resources */,
				212A11137B824EE7BC293C88 /* FontAwesome5_Solid.ttf in Resources */,
				FE1C9783A5AF4701BE0AB1FD /* Fontisto.ttf in Resources */,
				F32E451DBBF84034AA496A41 /* Foundation.ttf in Resources */,
				553977402140421892FE9E9C /* Ionicons.ttf in Resources */,
				D303FBA22EB14D4DB5EA4BF6 /* MaterialCommunityIcons.ttf in Resources */,
				626A27CA4821433DBDFBD5BE /* MaterialIcons.ttf in Resources */,
				EE0E471EB04F4547B10CE87C /* Octicons.ttf in Resources */,
				E9D31622B44D43B790CCB612 /* Roboto_medium.ttf in Resources */,
				F92D54947AF44412A2370A0B /* Roboto.ttf in Resources */,
				957FCDA61DCB4AEE8991BCB0 /* rubicon-icon-font.ttf in Resources */,
				B7EB821487DF4D92A30C6083 /* SimpleLineIcons.ttf in Resources */,
				440183686A314ABB88DC83CB /* Zocial.ttf in Resources */,
				DFC2E64AE93D483AA7F165B2 /* AvenirNextLTPro-Bold.otf in Resources */,
				FB77F3B3AB3C49F8BE4C68CA /* AvenirNextLTPro-It.otf in Resources */,
				6EBF9C08BB434321A05B631E /* AvenirNextLTPro-Regular.otf in Resources */,
				B9C07113E6BA485392A9D43E /* AvenirNextFont.ttf in Resources */,
				987E118B8C2643618D655ADB /* GothamBold.ttf in Resources */,
				BB979C1667BD4DE28C594A55 /* GothamBoldItalic.ttf in Resources */,
				21C62F1588614CCAA2657941 /* GothamBook.ttf in Resources */,
				1D08AED3B22D4FB28257D03D /* GothamBookItalic.ttf in Resources */,
				08CBD1EF0CB34756B9773BFC /* GothamLightItalic.ttf in Resources */,
				2ED90BEA937247F1815AF624 /* GothamMedium_1.ttf in Resources */,
				A142B771B4BD4A248A2635D4 /* GothamMedium.ttf in Resources */,
				9F6E32D33A7D489D863A9F8A /* GothamMediumItalic.ttf in Resources */,
			);
			runOnlyForDeploymentPostprocessing = 0;
		};
		2D02E4791E0B4A5D006451C7 /* Resources */ = {
			isa = PBXResourcesBuildPhase;
			buildActionMask = 2147483647;
			files = (
				2D02E4BD1E0B4A84006451C7 /* Images.xcassets in Resources */,
			);
			runOnlyForDeploymentPostprocessing = 0;
		};
		2D02E48E1E0B4A5D006451C7 /* Resources */ = {
			isa = PBXResourcesBuildPhase;
			buildActionMask = 2147483647;
			files = (
			);
			runOnlyForDeploymentPostprocessing = 0;
		};
/* End PBXResourcesBuildPhase section */

/* Begin PBXShellScriptBuildPhase section */
		00DD1BFF1BD5951E006B06BC /* Bundle React Native code and images */ = {
			isa = PBXShellScriptBuildPhase;
			buildActionMask = 2147483647;
			files = (
			);
			inputPaths = (
			);
			name = "Bundle React Native code and images";
			outputPaths = (
			);
			runOnlyForDeploymentPostprocessing = 0;
			shellPath = /bin/sh;
			shellScript = "export NODE_BINARY=node\n../node_modules/react-native/scripts/react-native-xcode.sh";
		};
		2D02E4CB1E0B4B27006451C7 /* Bundle React Native Code And Images */ = {
			isa = PBXShellScriptBuildPhase;
			buildActionMask = 2147483647;
			files = (
			);
			inputPaths = (
			);
			name = "Bundle React Native Code And Images";
			outputPaths = (
			);
			runOnlyForDeploymentPostprocessing = 0;
			shellPath = /bin/sh;
			shellScript = "export NODE_BINARY=node\n../node_modules/react-native/scripts/react-native-xcode.sh";
		};
		FD10A7F022414F080027D42C /* Start Packager */ = {
			isa = PBXShellScriptBuildPhase;
			buildActionMask = 2147483647;
			files = (
			);
			inputFileListPaths = (
			);
			inputPaths = (
			);
			name = "Start Packager";
			outputFileListPaths = (
			);
			outputPaths = (
			);
			runOnlyForDeploymentPostprocessing = 0;
			shellPath = /bin/sh;
			shellScript = "export RCT_METRO_PORT=\"${RCT_METRO_PORT:=8081}\"\necho \"export RCT_METRO_PORT=${RCT_METRO_PORT}\" > \"${SRCROOT}/../node_modules/react-native/scripts/.packager.env\"\nif [ -z \"${RCT_NO_LAUNCH_PACKAGER+xxx}\" ] ; then\n  if nc -w 5 -z localhost ${RCT_METRO_PORT} ; then\n    if ! curl -s \"http://localhost:${RCT_METRO_PORT}/status\" | grep -q \"packager-status:running\" ; then\n      echo \"Port ${RCT_METRO_PORT} already in use, packager is either not running or not running correctly\"\n      exit 2\n    fi\n  else\n    open \"$SRCROOT/../node_modules/react-native/scripts/launchPackager.command\" || echo \"Can't start packager automatically\"\n  fi\nfi\n";
			showEnvVarsInLog = 0;
		};
		FD10A7F122414F3F0027D42C /* Start Packager */ = {
			isa = PBXShellScriptBuildPhase;
			buildActionMask = 2147483647;
			files = (
			);
			inputFileListPaths = (
			);
			inputPaths = (
			);
			name = "Start Packager";
			outputFileListPaths = (
			);
			outputPaths = (
			);
			runOnlyForDeploymentPostprocessing = 0;
			shellPath = /bin/sh;
			shellScript = "export RCT_METRO_PORT=\"${RCT_METRO_PORT:=8081}\"\necho \"export RCT_METRO_PORT=${RCT_METRO_PORT}\" > \"${SRCROOT}/../node_modules/react-native/scripts/.packager.env\"\nif [ -z \"${RCT_NO_LAUNCH_PACKAGER+xxx}\" ] ; then\n  if nc -w 5 -z localhost ${RCT_METRO_PORT} ; then\n    if ! curl -s \"http://localhost:${RCT_METRO_PORT}/status\" | grep -q \"packager-status:running\" ; then\n      echo \"Port ${RCT_METRO_PORT} already in use, packager is either not running or not running correctly\"\n      exit 2\n    fi\n  else\n    open \"$SRCROOT/../node_modules/react-native/scripts/launchPackager.command\" || echo \"Can't start packager automatically\"\n  fi\nfi\n";
			showEnvVarsInLog = 0;
		};
/* End PBXShellScriptBuildPhase section */

/* Begin PBXSourcesBuildPhase section */
		00E356EA1AD99517003FC87E /* Sources */ = {
			isa = PBXSourcesBuildPhase;
			buildActionMask = 2147483647;
			files = (
				00E356F31AD99517003FC87E /* MyAppTests.m in Sources */,
			);
			runOnlyForDeploymentPostprocessing = 0;
		};
		13B07F871A680F5B00A75B9A /* Sources */ = {
			isa = PBXSourcesBuildPhase;
			buildActionMask = 2147483647;
			files = (
				13B07FBC1A68108700A75B9A /* AppDelegate.m in Sources */,
				13B07FC11A68108700A75B9A /* main.m in Sources */,
			);
			runOnlyForDeploymentPostprocessing = 0;
		};
		2D02E4771E0B4A5D006451C7 /* Sources */ = {
			isa = PBXSourcesBuildPhase;
			buildActionMask = 2147483647;
			files = (
				2D02E4BF1E0B4AB3006451C7 /* main.m in Sources */,
				2D02E4BC1E0B4A80006451C7 /* AppDelegate.m in Sources */,
			);
			runOnlyForDeploymentPostprocessing = 0;
		};
		2D02E48C1E0B4A5D006451C7 /* Sources */ = {
			isa = PBXSourcesBuildPhase;
			buildActionMask = 2147483647;
			files = (
				2DCD954D1E0B4F2C00145EB5 /* MyAppTests.m in Sources */,
			);
			runOnlyForDeploymentPostprocessing = 0;
		};
/* End PBXSourcesBuildPhase section */

/* Begin PBXTargetDependency section */
		00E356F51AD99517003FC87E /* PBXTargetDependency */ = {
			isa = PBXTargetDependency;
			target = 13B07F861A680F5B00A75B9A /* MyApp */;
			targetProxy = 00E356F41AD99517003FC87E /* PBXContainerItemProxy */;
		};
		2D02E4921E0B4A5D006451C7 /* PBXTargetDependency */ = {
			isa = PBXTargetDependency;
			target = 2D02E47A1E0B4A5D006451C7 /* MyApp-tvOS */;
			targetProxy = 2D02E4911E0B4A5D006451C7 /* PBXContainerItemProxy */;
		};
/* End PBXTargetDependency section */

/* Begin PBXVariantGroup section */
		13B07FB11A68108700A75B9A /* LaunchScreen.xib */ = {
			isa = PBXVariantGroup;
			children = (
				13B07FB21A68108700A75B9A /* Base */,
			);
			name = LaunchScreen.xib;
			path = MyApp;
			sourceTree = "<group>";
		};
/* End PBXVariantGroup section */

/* Begin XCBuildConfiguration section */
		00E356F61AD99517003FC87E /* Debug */ = {
			isa = XCBuildConfiguration;
			buildSettings = {
				BUNDLE_LOADER = "$(TEST_HOST)";
				GCC_PREPROCESSOR_DEFINITIONS = (
					"DEBUG=1",
					"$(inherited)",
				);
				INFOPLIST_FILE = MyAppTests/Info.plist;
				IPHONEOS_DEPLOYMENT_TARGET = 9.0;
				LD_RUNPATH_SEARCH_PATHS = "$(inherited) @executable_path/Frameworks @loader_path/Frameworks";
				OTHER_LDFLAGS = (
					"-ObjC",
					"-lc++",
					"$(inherited)",
				);
				PRODUCT_BUNDLE_IDENTIFIER = "org.reactjs.native.example.$(PRODUCT_NAME:rfc1034identifier)";
				PRODUCT_NAME = "$(TARGET_NAME)";
				TEST_HOST = "$(BUILT_PRODUCTS_DIR)/MyApp.app/MyApp";
			};
			name = Debug;
		};
		00E356F71AD99517003FC87E /* Release */ = {
			isa = XCBuildConfiguration;
			buildSettings = {
				BUNDLE_LOADER = "$(TEST_HOST)";
				COPY_PHASE_STRIP = NO;
				INFOPLIST_FILE = MyAppTests/Info.plist;
				IPHONEOS_DEPLOYMENT_TARGET = 9.0;
				LD_RUNPATH_SEARCH_PATHS = "$(inherited) @executable_path/Frameworks @loader_path/Frameworks";
				OTHER_LDFLAGS = (
					"-ObjC",
					"-lc++",
					"$(inherited)",
				);
				PRODUCT_BUNDLE_IDENTIFIER = "org.reactjs.native.example.$(PRODUCT_NAME:rfc1034identifier)";
				PRODUCT_NAME = "$(TARGET_NAME)";
				TEST_HOST = "$(BUILT_PRODUCTS_DIR)/MyApp.app/MyApp";
			};
			name = Release;
		};
		13B07F941A680F5B00A75B9A /* Debug */ = {
			isa = XCBuildConfiguration;
			buildSettings = {
				ASSETCATALOG_COMPILER_APPICON_NAME = AppIcon;
				CURRENT_PROJECT_VERSION = 1;
				DEAD_CODE_STRIPPING = NO;
				INFOPLIST_FILE = MyApp/Info.plist;
				LD_RUNPATH_SEARCH_PATHS = "$(inherited) @executable_path/Frameworks";
				OTHER_LDFLAGS = (
					"$(inherited)",
					"-ObjC",
					"-lc++",
				);
				PRODUCT_BUNDLE_IDENTIFIER = "org.reactjs.native.example.$(PRODUCT_NAME:rfc1034identifier)";
				PRODUCT_NAME = MyApp;
				VERSIONING_SYSTEM = "apple-generic";
			};
			name = Debug;
		};
		13B07F951A680F5B00A75B9A /* Release */ = {
			isa = XCBuildConfiguration;
			buildSettings = {
				ASSETCATALOG_COMPILER_APPICON_NAME = AppIcon;
				CURRENT_PROJECT_VERSION = 1;
				INFOPLIST_FILE = MyApp/Info.plist;
				LD_RUNPATH_SEARCH_PATHS = "$(inherited) @executable_path/Frameworks";
				OTHER_LDFLAGS = (
					"$(inherited)",
					"-ObjC",
					"-lc++",
				);
				PRODUCT_BUNDLE_IDENTIFIER = "org.reactjs.native.example.$(PRODUCT_NAME:rfc1034identifier)";
				PRODUCT_NAME = MyApp;
				VERSIONING_SYSTEM = "apple-generic";
			};
			name = Release;
		};
		2D02E4971E0B4A5E006451C7 /* Debug */ = {
			isa = XCBuildConfiguration;
			buildSettings = {
				ASSETCATALOG_COMPILER_APPICON_NAME = "App Icon & Top Shelf Image";
				ASSETCATALOG_COMPILER_LAUNCHIMAGE_NAME = LaunchImage;
				CLANG_ANALYZER_NONNULL = YES;
				CLANG_WARN_DOCUMENTATION_COMMENTS = YES;
				CLANG_WARN_INFINITE_RECURSION = YES;
				CLANG_WARN_SUSPICIOUS_MOVE = YES;
				DEBUG_INFORMATION_FORMAT = dwarf;
				ENABLE_TESTABILITY = YES;
				GCC_NO_COMMON_BLOCKS = YES;
				INFOPLIST_FILE = "MyApp-tvOS/Info.plist";
				LD_RUNPATH_SEARCH_PATHS = "$(inherited) @executable_path/Frameworks";
				OTHER_LDFLAGS = (
					"$(inherited)",
					"-ObjC",
					"-lc++",
				);
				PRODUCT_BUNDLE_IDENTIFIER = "com.facebook.REACT.MyApp-tvOS";
				PRODUCT_NAME = "$(TARGET_NAME)";
				SDKROOT = appletvos;
				TARGETED_DEVICE_FAMILY = 3;
				TVOS_DEPLOYMENT_TARGET = 9.2;
			};
			name = Debug;
		};
		2D02E4981E0B4A5E006451C7 /* Release */ = {
			isa = XCBuildConfiguration;
			buildSettings = {
				ASSETCATALOG_COMPILER_APPICON_NAME = "App Icon & Top Shelf Image";
				ASSETCATALOG_COMPILER_LAUNCHIMAGE_NAME = LaunchImage;
				CLANG_ANALYZER_NONNULL = YES;
				CLANG_WARN_DOCUMENTATION_COMMENTS = YES;
				CLANG_WARN_INFINITE_RECURSION = YES;
				CLANG_WARN_SUSPICIOUS_MOVE = YES;
				COPY_PHASE_STRIP = NO;
				DEBUG_INFORMATION_FORMAT = "dwarf-with-dsym";
				GCC_NO_COMMON_BLOCKS = YES;
				INFOPLIST_FILE = "MyApp-tvOS/Info.plist";
				LD_RUNPATH_SEARCH_PATHS = "$(inherited) @executable_path/Frameworks";
				OTHER_LDFLAGS = (
					"$(inherited)",
					"-ObjC",
					"-lc++",
				);
				PRODUCT_BUNDLE_IDENTIFIER = "com.facebook.REACT.MyApp-tvOS";
				PRODUCT_NAME = "$(TARGET_NAME)";
				SDKROOT = appletvos;
				TARGETED_DEVICE_FAMILY = 3;
				TVOS_DEPLOYMENT_TARGET = 9.2;
			};
			name = Release;
		};
		2D02E4991E0B4A5E006451C7 /* Debug */ = {
			isa = XCBuildConfiguration;
			buildSettings = {
				BUNDLE_LOADER = "$(TEST_HOST)";
				CLANG_ANALYZER_NONNULL = YES;
				CLANG_WARN_DOCUMENTATION_COMMENTS = YES;
				CLANG_WARN_INFINITE_RECURSION = YES;
				CLANG_WARN_SUSPICIOUS_MOVE = YES;
				DEBUG_INFORMATION_FORMAT = dwarf;
				ENABLE_TESTABILITY = YES;
				GCC_NO_COMMON_BLOCKS = YES;
				INFOPLIST_FILE = "MyApp-tvOSTests/Info.plist";
				LD_RUNPATH_SEARCH_PATHS = "$(inherited) @executable_path/Frameworks @loader_path/Frameworks";
				OTHER_LDFLAGS = (
					"$(inherited)",
					"-ObjC",
					"-lc++",
				);
				PRODUCT_BUNDLE_IDENTIFIER = "com.facebook.REACT.MyApp-tvOSTests";
				PRODUCT_NAME = "$(TARGET_NAME)";
				SDKROOT = appletvos;
				TEST_HOST = "$(BUILT_PRODUCTS_DIR)/MyApp-tvOS.app/MyApp-tvOS";
				TVOS_DEPLOYMENT_TARGET = 10.1;
			};
			name = Debug;
		};
		2D02E49A1E0B4A5E006451C7 /* Release */ = {
			isa = XCBuildConfiguration;
			buildSettings = {
				BUNDLE_LOADER = "$(TEST_HOST)";
				CLANG_ANALYZER_NONNULL = YES;
				CLANG_WARN_DOCUMENTATION_COMMENTS = YES;
				CLANG_WARN_INFINITE_RECURSION = YES;
				CLANG_WARN_SUSPICIOUS_MOVE = YES;
				COPY_PHASE_STRIP = NO;
				DEBUG_INFORMATION_FORMAT = "dwarf-with-dsym";
				GCC_NO_COMMON_BLOCKS = YES;
				INFOPLIST_FILE = "MyApp-tvOSTests/Info.plist";
				LD_RUNPATH_SEARCH_PATHS = "$(inherited) @executable_path/Frameworks @loader_path/Frameworks";
				OTHER_LDFLAGS = (
					"$(inherited)",
					"-ObjC",
					"-lc++",
				);
				PRODUCT_BUNDLE_IDENTIFIER = "com.facebook.REACT.MyApp-tvOSTests";
				PRODUCT_NAME = "$(TARGET_NAME)";
				SDKROOT = appletvos;
				TEST_HOST = "$(BUILT_PRODUCTS_DIR)/MyApp-tvOS.app/MyApp-tvOS";
				TVOS_DEPLOYMENT_TARGET = 10.1;
			};
			name = Release;
		};
		83CBBA201A601CBA00E9B192 /* Debug */ = {
			isa = XCBuildConfiguration;
			buildSettings = {
				ALWAYS_SEARCH_USER_PATHS = NO;
				CLANG_CXX_LANGUAGE_STANDARD = "gnu++0x";
				CLANG_CXX_LIBRARY = "libc++";
				CLANG_ENABLE_MODULES = YES;
				CLANG_ENABLE_OBJC_ARC = YES;
				CLANG_WARN_BLOCK_CAPTURE_AUTORELEASING = YES;
				CLANG_WARN_BOOL_CONVERSION = YES;
				CLANG_WARN_COMMA = YES;
				CLANG_WARN_CONSTANT_CONVERSION = YES;
				CLANG_WARN_DEPRECATED_OBJC_IMPLEMENTATIONS = YES;
				CLANG_WARN_DIRECT_OBJC_ISA_USAGE = YES_ERROR;
				CLANG_WARN_EMPTY_BODY = YES;
				CLANG_WARN_ENUM_CONVERSION = YES;
				CLANG_WARN_INFINITE_RECURSION = YES;
				CLANG_WARN_INT_CONVERSION = YES;
				CLANG_WARN_NON_LITERAL_NULL_CONVERSION = YES;
				CLANG_WARN_OBJC_IMPLICIT_RETAIN_SELF = YES;
				CLANG_WARN_OBJC_LITERAL_CONVERSION = YES;
				CLANG_WARN_OBJC_ROOT_CLASS = YES_ERROR;
				CLANG_WARN_RANGE_LOOP_ANALYSIS = YES;
				CLANG_WARN_STRICT_PROTOTYPES = YES;
				CLANG_WARN_SUSPICIOUS_MOVE = YES;
				CLANG_WARN_UNREACHABLE_CODE = YES;
				CLANG_WARN__DUPLICATE_METHOD_MATCH = YES;
				"CODE_SIGN_IDENTITY[sdk=iphoneos*]" = "iPhone Developer";
				COPY_PHASE_STRIP = NO;
				ENABLE_STRICT_OBJC_MSGSEND = YES;
				ENABLE_TESTABILITY = YES;
				GCC_C_LANGUAGE_STANDARD = gnu99;
				GCC_DYNAMIC_NO_PIC = NO;
				GCC_NO_COMMON_BLOCKS = YES;
				GCC_OPTIMIZATION_LEVEL = 0;
				GCC_PREPROCESSOR_DEFINITIONS = (
					"DEBUG=1",
					"$(inherited)",
				);
				GCC_SYMBOLS_PRIVATE_EXTERN = NO;
				GCC_WARN_64_TO_32_BIT_CONVERSION = YES;
				GCC_WARN_ABOUT_RETURN_TYPE = YES_ERROR;
				GCC_WARN_UNDECLARED_SELECTOR = YES;
				GCC_WARN_UNINITIALIZED_AUTOS = YES_AGGRESSIVE;
				GCC_WARN_UNUSED_FUNCTION = YES;
				GCC_WARN_UNUSED_VARIABLE = YES;
				IPHONEOS_DEPLOYMENT_TARGET = 9.0;
				MTL_ENABLE_DEBUG_INFO = YES;
				ONLY_ACTIVE_ARCH = YES;
				SDKROOT = iphoneos;
			};
			name = Debug;
		};
		83CBBA211A601CBA00E9B192 /* Release */ = {
			isa = XCBuildConfiguration;
			buildSettings = {
				ALWAYS_SEARCH_USER_PATHS = NO;
				CLANG_CXX_LANGUAGE_STANDARD = "gnu++0x";
				CLANG_CXX_LIBRARY = "libc++";
				CLANG_ENABLE_MODULES = YES;
				CLANG_ENABLE_OBJC_ARC = YES;
				CLANG_WARN_BLOCK_CAPTURE_AUTORELEASING = YES;
				CLANG_WARN_BOOL_CONVERSION = YES;
				CLANG_WARN_COMMA = YES;
				CLANG_WARN_CONSTANT_CONVERSION = YES;
				CLANG_WARN_DEPRECATED_OBJC_IMPLEMENTATIONS = YES;
				CLANG_WARN_DIRECT_OBJC_ISA_USAGE = YES_ERROR;
				CLANG_WARN_EMPTY_BODY = YES;
				CLANG_WARN_ENUM_CONVERSION = YES;
				CLANG_WARN_INFINITE_RECURSION = YES;
				CLANG_WARN_INT_CONVERSION = YES;
				CLANG_WARN_NON_LITERAL_NULL_CONVERSION = YES;
				CLANG_WARN_OBJC_IMPLICIT_RETAIN_SELF = YES;
				CLANG_WARN_OBJC_LITERAL_CONVERSION = YES;
				CLANG_WARN_OBJC_ROOT_CLASS = YES_ERROR;
				CLANG_WARN_RANGE_LOOP_ANALYSIS = YES;
				CLANG_WARN_STRICT_PROTOTYPES = YES;
				CLANG_WARN_SUSPICIOUS_MOVE = YES;
				CLANG_WARN_UNREACHABLE_CODE = YES;
				CLANG_WARN__DUPLICATE_METHOD_MATCH = YES;
				"CODE_SIGN_IDENTITY[sdk=iphoneos*]" = "iPhone Developer";
				COPY_PHASE_STRIP = YES;
				ENABLE_NS_ASSERTIONS = NO;
				ENABLE_STRICT_OBJC_MSGSEND = YES;
				GCC_C_LANGUAGE_STANDARD = gnu99;
				GCC_NO_COMMON_BLOCKS = YES;
				GCC_WARN_64_TO_32_BIT_CONVERSION = YES;
				GCC_WARN_ABOUT_RETURN_TYPE = YES_ERROR;
				GCC_WARN_UNDECLARED_SELECTOR = YES;
				GCC_WARN_UNINITIALIZED_AUTOS = YES_AGGRESSIVE;
				GCC_WARN_UNUSED_FUNCTION = YES;
				GCC_WARN_UNUSED_VARIABLE = YES;
				IPHONEOS_DEPLOYMENT_TARGET = 9.0;
				MTL_ENABLE_DEBUG_INFO = NO;
				SDKROOT = iphoneos;
				VALIDATE_PRODUCT = YES;
			};
			name = Release;
		};
/* End XCBuildConfiguration section */

/* Begin XCConfigurationList section */
		00E357021AD99517003FC87E /* Build configuration list for PBXNativeTarget "MyAppTests" */ = {
			isa = XCConfigurationList;
			buildConfigurations = (
				00E356F61AD99517003FC87E /* Debug */,
				00E356F71AD99517003FC87E /* Release */,
			);
			defaultConfigurationIsVisible = 0;
			defaultConfigurationName = Release;
		};
		13B07F931A680F5B00A75B9A /* Build configuration list for PBXNativeTarget "MyApp" */ = {
			isa = XCConfigurationList;
			buildConfigurations = (
				13B07F941A680F5B00A75B9A /* Debug */,
				13B07F951A680F5B00A75B9A /* Release */,
			);
			defaultConfigurationIsVisible = 0;
			defaultConfigurationName = Release;
		};
		2D02E4BA1E0B4A5E006451C7 /* Build configuration list for PBXNativeTarget "MyApp-tvOS" */ = {
			isa = XCConfigurationList;
			buildConfigurations = (
				2D02E4971E0B4A5E006451C7 /* Debug */,
				2D02E4981E0B4A5E006451C7 /* Release */,
			);
			defaultConfigurationIsVisible = 0;
			defaultConfigurationName = Release;
		};
		2D02E4BB1E0B4A5E006451C7 /* Build configuration list for PBXNativeTarget "MyApp-tvOSTests" */ = {
			isa = XCConfigurationList;
			buildConfigurations = (
				2D02E4991E0B4A5E006451C7 /* Debug */,
				2D02E49A1E0B4A5E006451C7 /* Release */,
			);
			defaultConfigurationIsVisible = 0;
			defaultConfigurationName = Release;
		};
		83CBB9FA1A601CBA00E9B192 /* Build configuration list for PBXProject "MyApp" */ = {
			isa = XCConfigurationList;
			buildConfigurations = (
				83CBBA201A601CBA00E9B192 /* Debug */,
				83CBBA211A601CBA00E9B192 /* Release */,
			);
			defaultConfigurationIsVisible = 0;
			defaultConfigurationName = Release;
		};
/* End XCConfigurationList section */
	};
	rootObject = 83CBB9F71A601CBA00E9B192 /* Project object */;
}
